
Microsoft Visual Studio Solution File, Format Version 12.00
# Visual Studio Version 16
VisualStudioVersion = 16.0.29411.108
MinimumVisualStudioVersion = 10.0.40219.1
Project("{2150E333-8FDC-42A3-9474-1A3956D46DE8}") = "Api", "Api", "{991F14C6-BB99-4153-AA68-C735703A2692}"
EndProject
Project("{FAE04EC0-301F-11D3-BF4B-00C04F79EFBC}") = "GooglePayApp.Api", "GooglePayApp.Api\GooglePayApp.Api.csproj", "{09929377-2318-4137-92C3-24B0C3E1C6BA}"
EndProject
Project("{2150E333-8FDC-42A3-9474-1A3956D46DE8}") = "Core", "Core", "{FBC2B22E-6059-4100-BBC6-34A39DD6DDD9}"
EndProject
Project("{FAE04EC0-301F-11D3-BF4B-00C04F79EFBC}") = "GooglePayApp.Infrastructure", "GooglePayApp.Infrastructure\GooglePayApp.Infrastructure.csproj", "{BECAECF8-9321-4B27-8DE9-1DCBD175AFF3}"
EndProject
Project("{2150E333-8FDC-42A3-9474-1A3956D46DE8}") = "Domain", "Domain", "{3306A235-42EB-4FF3-822E-40AB8BF341EE}"
EndProject
Project("{FAE04EC0-301F-11D3-BF4B-00C04F79EFBC}") = "GooglePayApp.Domain", "GooglePayApp.Domain\GooglePayApp.Domain.csproj", "{2C295945-444B-443D-BF93-131D7D3AF126}"
EndProject
Project("{FAE04EC0-301F-11D3-BF4B-00C04F79EFBC}") = "GooglePayApp.BoundedContext", "GooglePayApp.BoundedContext\GooglePayApp.BoundedContext.csproj", "{FD0EC349-1E2B-4704-B1DE-CF6A2C263251}"
EndProject
Project("{FAE04EC0-301F-11D3-BF4B-00C04F79EFBC}") = "GooglePayApp.UnitOfWork", "GooglePayApp.UnitOfWork\GooglePayApp.UnitOfWork.csproj", "{FF32D5EF-557C-4CEB-99D4-888E282D0D5C}"
EndProject
Project("{2150E333-8FDC-42A3-9474-1A3956D46DE8}") = "Models", "Models", "{AEDA95D9-37FF-4B6D-9219-63F79340173D}"
EndProject
Project("{FAE04EC0-301F-11D3-BF4B-00C04F79EFBC}") = "GooglePayApp.Models", "GooglePayApp.Models\GooglePayApp.Models.csproj", "{13874C9D-4D53-4F40-A9ED-86ACAC01F093}"
EndProject
Global
	GlobalSection(SolutionConfigurationPlatforms) = preSolution
		Debug|Any CPU = Debug|Any CPU
		Release|Any CPU = Release|Any CPU
	EndGlobalSection
	GlobalSection(ProjectConfigurationPlatforms) = postSolution
		{09929377-2318-4137-92C3-24B0C3E1C6BA}.Debug|Any CPU.ActiveCfg = Debug|Any CPU
		{09929377-2318-4137-92C3-24B0C3E1C6BA}.Debug|Any CPU.Build.0 = Debug|Any CPU
		{09929377-2318-4137-92C3-24B0C3E1C6BA}.Release|Any CPU.ActiveCfg = Release|Any CPU
		{09929377-2318-4137-92C3-24B0C3E1C6BA}.Release|Any CPU.Build.0 = Release|Any CPU
		{BECAECF8-9321-4B27-8DE9-1DCBD175AFF3}.Debug|Any CPU.ActiveCfg = Debug|Any CPU
		{BECAECF8-9321-4B27-8DE9-1DCBD175AFF3}.Debug|Any CPU.Build.0 = Debug|Any CPU
		{BECAECF8-9321-4B27-8DE9-1DCBD175AFF3}.Release|Any CPU.ActiveCfg = Release|Any CPU
		{BECAECF8-9321-4B27-8DE9-1DCBD175AFF3}.Release|Any CPU.Build.0 = Release|Any CPU
		{2C295945-444B-443D-BF93-131D7D3AF126}.Debug|Any CPU.ActiveCfg = Debug|Any CPU
		{2C295945-444B-443D-BF93-131D7D3AF126}.Debug|Any CPU.Build.0 = Debug|Any CPU
		{2C295945-444B-443D-BF93-131D7D3AF126}.Release|Any CPU.ActiveCfg = Release|Any CPU
		{2C295945-444B-443D-BF93-131D7D3AF126}.Release|Any CPU.Build.0 = Release|Any CPU
		{FD0EC349-1E2B-4704-B1DE-CF6A2C263251}.Debug|Any CPU.ActiveCfg = Debug|Any CPU
		{FD0EC349-1E2B-4704-B1DE-CF6A2C263251}.Debug|Any CPU.Build.0 = Debug|Any CPU
		{FD0EC349-1E2B-4704-B1DE-CF6A2C263251}.Release|Any CPU.ActiveCfg = Release|Any CPU
		{FD0EC349-1E2B-4704-B1DE-CF6A2C263251}.Release|Any CPU.Build.0 = Release|Any CPU
		{FF32D5EF-557C-4CEB-99D4-888E282D0D5C}.Debug|Any CPU.ActiveCfg = Debug|Any CPU
		{FF32D5EF-557C-4CEB-99D4-888E282D0D5C}.Debug|Any CPU.Build.0 = Debug|Any CPU
		{FF32D5EF-557C-4CEB-99D4-888E282D0D5C}.Release|Any CPU.ActiveCfg = Release|Any CPU
		{FF32D5EF-557C-4CEB-99D4-888E282D0D5C}.Release|Any CPU.Build.0 = Release|Any CPU
		{13874C9D-4D53-4F40-A9ED-86ACAC01F093}.Debug|Any CPU.ActiveCfg = Debug|Any CPU
		{13874C9D-4D53-4F40-A9ED-86ACAC01F093}.Debug|Any CPU.Build.0 = Debug|Any CPU
		{13874C9D-4D53-4F40-A9ED-86ACAC01F093}.Release|Any CPU.ActiveCfg = Release|Any CPU
		{13874C9D-4D53-4F40-A9ED-86ACAC01F093}.Release|Any CPU.Build.0 = Release|Any CPU
	EndGlobalSection
	GlobalSection(SolutionProperties) = preSolution
		HideSolutionNode = FALSE
	EndGlobalSection
	GlobalSection(NestedProjects) = preSolution
		{09929377-2318-4137-92C3-24B0C3E1C6BA} = {991F14C6-BB99-4153-AA68-C735703A2692}
		{BECAECF8-9321-4B27-8DE9-1DCBD175AFF3} = {FBC2B22E-6059-4100-BBC6-34A39DD6DDD9}
		{2C295945-444B-443D-BF93-131D7D3AF126} = {3306A235-42EB-4FF3-822E-40AB8BF341EE}
		{FD0EC349-1E2B-4704-B1DE-CF6A2C263251} = {3306A235-42EB-4FF3-822E-40AB8BF341EE}
		{FF32D5EF-557C-4CEB-99D4-888E282D0D5C} = {3306A235-42EB-4FF3-822E-40AB8BF341EE}
		{13874C9D-4D53-4F40-A9ED-86ACAC01F093} = {AEDA95D9-37FF-4B6D-9219-63F79340173D}
	EndGlobalSection
	GlobalSection(ExtensibilityGlobals) = postSolution
		SolutionGuid = {0AA0185A-9079-49E7-875B-EF6146CD0F29}
	EndGlobalSection
EndGlobal
